
Microsoft Visual Studio Solution File, Format Version 12.00
# Visual Studio Version 17
VisualStudioVersion = 17.9.34728.123
MinimumVisualStudioVersion = 10.0.40219.1
Project("{8BC9CEB8-8B4A-11D0-8D11-00A0C91BC942}") = "client", "client\client.vcxproj", "{F5A4DAAC-CAE1-4D03-B789-98D5C2297569}"
EndProject
Project("{8BC9CEB8-8B4A-11D0-8D11-00A0C91BC942}") = "server", "server\server.vcxproj", "{1A4A959F-8AA9-4F07-958B-042946812C6F}"
EndProject
Global
	GlobalSection(SolutionConfigurationPlatforms) = preSolution
		Debug|x64 = Debug|x64
		Debug|x86 = Debug|x86
		Release|x64 = Release|x64
		Release|x86 = Release|x86
	EndGlobalSection
	GlobalSection(ProjectConfigurationPlatforms) = postSolution
		{F5A4DAAC-CAE1-4D03-B789-98D5C2297569}.Debug|x64.ActiveCfg = Debug|x64
		{F5A4DAAC-CAE1-4D03-B789-98D5C2297569}.Debug|x64.Build.0 = Debug|x64
		{F5A4DAAC-CAE1-4D03-B789-98D5C2297569}.Debug|x86.ActiveCfg = Debug|Win32
		{F5A4DAAC-CAE1-4D03-B789-98D5C2297569}.Debug|x86.Build.0 = Debug|Win32
		{F5A4DAAC-CAE1-4D03-B789-98D5C2297569}.Release|x64.ActiveCfg = Release|x64
		{F5A4DAAC-CAE1-4D03-B789-98D5C2297569}.Release|x64.Build.0 = Release|x64
		{F5A4DAAC-CAE1-4D03-B789-98D5C2297569}.Release|x86.ActiveCfg = Release|Win32
		{F5A4DAAC-CAE1-4D03-B789-98D5C2297569}.Release|x86.Build.0 = Release|Win32
		{1A4A959F-8AA9-4F07-958B-042946812C6F}.Debug|x64.ActiveCfg = Debug|x64
		{1A4A959F-8AA9-4F07-958B-042946812C6F}.Debug|x64.Build.0 = Debug|x64
		{1A4A959F-8AA9-4F07-958B-042946812C6F}.Debug|x86.ActiveCfg = Debug|Win32
		{1A4A959F-8AA9-4F07-958B-042946812C6F}.Debug|x86.Build.0 = Debug|Win32
		{1A4A959F-8AA9-4F07-958B-042946812C6F}.Release|x64.ActiveCfg = Release|x64
		{1A4A959F-8AA9-4F07-958B-042946812C6F}.Release|x64.Build.0 = Release|x64
		{1A4A959F-8AA9-4F07-958B-042946812C6F}.Release|x86.ActiveCfg = Release|Win32
		{1A4A959F-8AA9-4F07-958B-042946812C6F}.Release|x86.Build.0 = Release|Win32
	EndGlobalSection
	GlobalSection(SolutionProperties) = preSolution
		HideSolutionNode = FALSE
	EndGlobalSection
	GlobalSection(ExtensibilityGlobals) = postSolution
		SolutionGuid = {79FCE89F-5233-491B-B3EF-D9B7617933D1}
	EndGlobalSection
EndGlobal
